
Microsoft Visual Studio Solution File, Format Version 12.00
# Visual Studio Version 17
VisualStudioVersion = 17.0.31903.59
MinimumVisualStudioVersion = 10.0.40219.1
Project("{2150E333-8FDC-42A3-9474-1A3956D46DE8}") = "src", "src", "{5F295EE1-B4DA-4D42-83F3-E9F1E99DD63F}"
EndProject
Project("{9A19103F-16F7-4668-BE54-9A1E7A4F7556}") = "ToDoList.Domain", "src\ToDoList.Domain\ToDoList.Domain.csproj", "{D1959755-45D1-4F30-8CE3-6A8A9E444077}"
EndProject
Project("{9A19103F-16F7-4668-BE54-9A1E7A4F7556}") = "ToDoList.Application", "src\ToDoList.Application\ToDoList.Application.csproj", "{91F45BED-3BD8-4D35-9CC1-8BFFBDE6461F}"
EndProject
Project("{2150E333-8FDC-42A3-9474-1A3956D46DE8}") = "test", "test", "{645A4796-4C85-4539-B109-027442DE1562}"
EndProject
Project("{9A19103F-16F7-4668-BE54-9A1E7A4F7556}") = "ToDoList.IntegrationTests", "test\ToDoList.IntegrationTests\ToDoList.IntegrationTests.csproj", "{2261F3C0-0D89-4F59-8771-435AA70ECA01}"
EndProject
Project("{9A19103F-16F7-4668-BE54-9A1E7A4F7556}") = "ToDoList.UnitTests", "test\ToDoList.UnitTests\ToDoList.UnitTests.csproj", "{D3FFE347-571C-4EE6-8567-D2AD82E17983}"
EndProject
Project("{9A19103F-16F7-4668-BE54-9A1E7A4F7556}") = "ToDoList.Repository", "src\ToDoList.Repository\ToDoList.Repository.csproj", "{BE42F95B-1581-428A-AAD8-77A1A99F6A6B}"
EndProject
Project("{9A19103F-16F7-4668-BE54-9A1E7A4F7556}") = "ToDoList.Infrastructure", "src\ToDoList.Infrastructure\ToDoList.Infrastructure.csproj", "{04231D82-7CA5-4E0D-8CE5-E981960F5262}"
EndProject
Project("{9A19103F-16F7-4668-BE54-9A1E7A4F7556}") = "ToDoList.Api", "src\ToDoList.Api\ToDoList.Api.csproj", "{E5BC6E8A-571E-4ACA-9C0C-F098B59FE56B}"
EndProject
Project("{2150E333-8FDC-42A3-9474-1A3956D46DE8}") = "Solution Items", "Solution Items", "{47BA0717-7899-499A-A09A-42F7400B44A9}"
	ProjectSection(SolutionItems) = preProject
		.editorconfig = .editorconfig
		.gitignore = .gitignore
		docker-compose.yml = docker-compose.yml
		README.md = README.md
	EndProjectSection
EndProject
Global
	GlobalSection(SolutionConfigurationPlatforms) = preSolution
		Debug|Any CPU = Debug|Any CPU
		Release|Any CPU = Release|Any CPU
	EndGlobalSection
	GlobalSection(ProjectConfigurationPlatforms) = postSolution
		{D1959755-45D1-4F30-8CE3-6A8A9E444077}.Debug|Any CPU.ActiveCfg = Debug|Any CPU
		{D1959755-45D1-4F30-8CE3-6A8A9E444077}.Debug|Any CPU.Build.0 = Debug|Any CPU
		{D1959755-45D1-4F30-8CE3-6A8A9E444077}.Release|Any CPU.ActiveCfg = Release|Any CPU
		{D1959755-45D1-4F30-8CE3-6A8A9E444077}.Release|Any CPU.Build.0 = Release|Any CPU
		{91F45BED-3BD8-4D35-9CC1-8BFFBDE6461F}.Debug|Any CPU.ActiveCfg = Debug|Any CPU
		{91F45BED-3BD8-4D35-9CC1-8BFFBDE6461F}.Debug|Any CPU.Build.0 = Debug|Any CPU
		{91F45BED-3BD8-4D35-9CC1-8BFFBDE6461F}.Release|Any CPU.ActiveCfg = Release|Any CPU
		{91F45BED-3BD8-4D35-9CC1-8BFFBDE6461F}.Release|Any CPU.Build.0 = Release|Any CPU
		{2261F3C0-0D89-4F59-8771-435AA70ECA01}.Debug|Any CPU.ActiveCfg = Debug|Any CPU
		{2261F3C0-0D89-4F59-8771-435AA70ECA01}.Debug|Any CPU.Build.0 = Debug|Any CPU
		{2261F3C0-0D89-4F59-8771-435AA70ECA01}.Release|Any CPU.ActiveCfg = Release|Any CPU
		{2261F3C0-0D89-4F59-8771-435AA70ECA01}.Release|Any CPU.Build.0 = Release|Any CPU
		{D3FFE347-571C-4EE6-8567-D2AD82E17983}.Debug|Any CPU.ActiveCfg = Debug|Any CPU
		{D3FFE347-571C-4EE6-8567-D2AD82E17983}.Debug|Any CPU.Build.0 = Debug|Any CPU
		{D3FFE347-571C-4EE6-8567-D2AD82E17983}.Release|Any CPU.ActiveCfg = Release|Any CPU
		{D3FFE347-571C-4EE6-8567-D2AD82E17983}.Release|Any CPU.Build.0 = Release|Any CPU
		{BE42F95B-1581-428A-AAD8-77A1A99F6A6B}.Debug|Any CPU.ActiveCfg = Debug|Any CPU
		{BE42F95B-1581-428A-AAD8-77A1A99F6A6B}.Debug|Any CPU.Build.0 = Debug|Any CPU
		{BE42F95B-1581-428A-AAD8-77A1A99F6A6B}.Release|Any CPU.ActiveCfg = Release|Any CPU
		{BE42F95B-1581-428A-AAD8-77A1A99F6A6B}.Release|Any CPU.Build.0 = Release|Any CPU
		{04231D82-7CA5-4E0D-8CE5-E981960F5262}.Debug|Any CPU.ActiveCfg = Debug|Any CPU
		{04231D82-7CA5-4E0D-8CE5-E981960F5262}.Debug|Any CPU.Build.0 = Debug|Any CPU
		{04231D82-7CA5-4E0D-8CE5-E981960F5262}.Release|Any CPU.ActiveCfg = Release|Any CPU
		{04231D82-7CA5-4E0D-8CE5-E981960F5262}.Release|Any CPU.Build.0 = Release|Any CPU
		{E5BC6E8A-571E-4ACA-9C0C-F098B59FE56B}.Debug|Any CPU.ActiveCfg = Debug|Any CPU
		{E5BC6E8A-571E-4ACA-9C0C-F098B59FE56B}.Debug|Any CPU.Build.0 = Debug|Any CPU
		{E5BC6E8A-571E-4ACA-9C0C-F098B59FE56B}.Release|Any CPU.ActiveCfg = Release|Any CPU
		{E5BC6E8A-571E-4ACA-9C0C-F098B59FE56B}.Release|Any CPU.Build.0 = Release|Any CPU
	EndGlobalSection
	GlobalSection(SolutionProperties) = preSolution
		HideSolutionNode = FALSE
	EndGlobalSection
	GlobalSection(NestedProjects) = preSolution
		{D1959755-45D1-4F30-8CE3-6A8A9E444077} = {5F295EE1-B4DA-4D42-83F3-E9F1E99DD63F}
		{91F45BED-3BD8-4D35-9CC1-8BFFBDE6461F} = {5F295EE1-B4DA-4D42-83F3-E9F1E99DD63F}
		{2261F3C0-0D89-4F59-8771-435AA70ECA01} = {645A4796-4C85-4539-B109-027442DE1562}
		{D3FFE347-571C-4EE6-8567-D2AD82E17983} = {645A4796-4C85-4539-B109-027442DE1562}
		{BE42F95B-1581-428A-AAD8-77A1A99F6A6B} = {5F295EE1-B4DA-4D42-83F3-E9F1E99DD63F}
		{04231D82-7CA5-4E0D-8CE5-E981960F5262} = {5F295EE1-B4DA-4D42-83F3-E9F1E99DD63F}
		{E5BC6E8A-571E-4ACA-9C0C-F098B59FE56B} = {5F295EE1-B4DA-4D42-83F3-E9F1E99DD63F}
	EndGlobalSection
	GlobalSection(ExtensibilityGlobals) = postSolution
		SolutionGuid = {C6FA101E-0E04-4905-BCB1-F401FFC25311}
	EndGlobalSection
EndGlobal
